
Microsoft Visual Studio Solution File, Format Version 12.00
# Visual Studio Version 16
VisualStudioVersion = 16.0.30907.101
MinimumVisualStudioVersion = 10.0.40219.1
Project("{FAE04EC0-301F-11D3-BF4B-00C04F79EFBC}") = "Chorder", "Chorder.csproj", "{1C621B0F-EFF1-40E2-B659-7A5C07439667}"
EndProject
Project("{FAE04EC0-301F-11D3-BF4B-00C04F79EFBC}") = "ChorderTests", "..\ChorderTests\ChorderTests.csproj", "{EAF8B6B5-3829-4C2F-9D23-B45A63DF59E3}"
EndProject
Global
	GlobalSection(SolutionConfigurationPlatforms) = preSolution
		Debug|Any CPU = Debug|Any CPU
		Release|Any CPU = Release|Any CPU
	EndGlobalSection
	GlobalSection(ProjectConfigurationPlatforms) = postSolution
		{1C621B0F-EFF1-40E2-B659-7A5C07439667}.Debug|Any CPU.ActiveCfg = Debug|Any CPU
		{1C621B0F-EFF1-40E2-B659-7A5C07439667}.Debug|Any CPU.Build.0 = Debug|Any CPU
		{1C621B0F-EFF1-40E2-B659-7A5C07439667}.Release|Any CPU.ActiveCfg = Release|Any CPU
		{1C621B0F-EFF1-40E2-B659-7A5C07439667}.Release|Any CPU.Build.0 = Release|Any CPU
		{EAF8B6B5-3829-4C2F-9D23-B45A63DF59E3}.Debug|Any CPU.ActiveCfg = Debug|Any CPU
		{EAF8B6B5-3829-4C2F-9D23-B45A63DF59E3}.Debug|Any CPU.Build.0 = Debug|Any CPU
		{EAF8B6B5-3829-4C2F-9D23-B45A63DF59E3}.Release|Any CPU.ActiveCfg = Release|Any CPU
		{EAF8B6B5-3829-4C2F-9D23-B45A63DF59E3}.Release|Any CPU.Build.0 = Release|Any CPU
	EndGlobalSection
	GlobalSection(SolutionProperties) = preSolution
		HideSolutionNode = FALSE
	EndGlobalSection
	GlobalSection(ExtensibilityGlobals) = postSolution
		SolutionGuid = {97FA3300-4AEA-4774-9FC8-DF1B1EB7E6FB}
	EndGlobalSection
EndGlobal
